// !$*UTF8*$!
{
	archiveVersion = 1;
	classes = {
	};
	objectVersion = 48;
	objects = {

/* Begin PBXBuildFile section */
		35B2E4911FF198C30055C23C /* ORSSerial.framework in Frameworks */ = {isa = PBXBuildFile; fileRef = 35B2E4901FF198C30055C23C /* ORSSerial.framework */; };
		35B2E4991FF1A0640055C23C /* USBSerialDevices.swift in Sources */ = {isa = PBXBuildFile; fileRef = 35B2E4981FF1A0640055C23C /* USBSerialDevices.swift */; };
		35B61BBE1FE0915B00870CF6 /* Assets.xcassets in Resources */ = {isa = PBXBuildFile; fileRef = 35B61BBD1FE0915B00870CF6 /* Assets.xcassets */; };
		35B61BC11FE0916600870CF6 /* Main.storyboard in Resources */ = {isa = PBXBuildFile; fileRef = 35B61BC01FE0916500870CF6 /* Main.storyboard */; };
		35B61BC71FE091C800870CF6 /* AppDelegate.swift in Sources */ = {isa = PBXBuildFile; fileRef = 35B61BC41FE091C800870CF6 /* AppDelegate.swift */; };
		35FCA6161FE18B0300AFA24A /* DMXDeckViewController.swift in Sources */ = {isa = PBXBuildFile; fileRef = 35FCA6151FE18B0300AFA24A /* DMXDeckViewController.swift */; };
/* End PBXBuildFile section */

/* Begin PBXFileReference section */
		3531888E1FF1DB5F00D084CA /* Lynx Config Utility.entitlements */ = {isa = PBXFileReference; lastKnownFileType = text.plist.entitlements; path = "Lynx Config Utility.entitlements"; sourceTree = "<group>"; };
		35B2E4901FF198C30055C23C /* ORSSerial.framework */ = {isa = PBXFileReference; lastKnownFileType = wrapper.framework; name = ORSSerial.framework; path = Carthage/Build/Mac/ORSSerial.framework; sourceTree = SOURCE_ROOT; };
		35B2E4981FF1A0640055C23C /* USBSerialDevices.swift */ = {isa = PBXFileReference; lastKnownFileType = sourcecode.swift; path = USBSerialDevices.swift; sourceTree = "<group>"; };
		35B61BBD1FE0915B00870CF6 /* Assets.xcassets */ = {isa = PBXFileReference; lastKnownFileType = folder.assetcatalog; path = Assets.xcassets; sourceTree = "<group>"; };
		35B61BC01FE0916500870CF6 /* Main.storyboard */ = {isa = PBXFileReference; fileEncoding = 4; lastKnownFileType = file.storyboard; path = Main.storyboard; sourceTree = "<group>"; };
		35B61BC41FE091C800870CF6 /* AppDelegate.swift */ = {isa = PBXFileReference; fileEncoding = 4; lastKnownFileType = sourcecode.swift; path = AppDelegate.swift; sourceTree = "<group>"; };
		35B61BC61FE091C800870CF6 /* Info.plist */ = {isa = PBXFileReference; fileEncoding = 4; lastKnownFileType = text.plist.xml; path = Info.plist; sourceTree = "<group>"; };
		35C3E6CD1FE08A4500EE4474 /* Lynx Config Utility.app */ = {isa = PBXFileReference; explicitFileType = wrapper.application; includeInIndex = 0; path = "Lynx Config Utility.app"; sourceTree = BUILT_PRODUCTS_DIR; };
		35FCA6151FE18B0300AFA24A /* DMXDeckViewController.swift */ = {isa = PBXFileReference; lastKnownFileType = sourcecode.swift; path = DMXDeckViewController.swift; sourceTree = "<group>"; };
/* End PBXFileReference section */

/* Begin PBXFrameworksBuildPhase section */
		35C3E6CA1FE08A4500EE4474 /* Frameworks */ = {
			isa = PBXFrameworksBuildPhase;
			buildActionMask = 2147483647;
			files = (
				35B2E4911FF198C30055C23C /* ORSSerial.framework in Frameworks */,
			);
			runOnlyForDeploymentPostprocessing = 0;
		};
/* End PBXFrameworksBuildPhase section */

/* Begin PBXGroup section */
		35B2E48F1FF1989B0055C23C /* Frameworks */ = {
			isa = PBXGroup;
			children = (
				35B2E4901FF198C30055C23C /* ORSSerial.framework */,
			);
			path = Frameworks;
			sourceTree = "<group>";
		};
		35B2E4931FF19FF90055C23C /* USBSerial */ = {
			isa = PBXGroup;
			children = (
				35B2E4981FF1A0640055C23C /* USBSerialDevices.swift */,
			);
			path = USBSerial;
			sourceTree = "<group>";
		};
		35B61BBC1FE0915B00870CF6 /* Assets */ = {
			isa = PBXGroup;
			children = (
				35B61BBD1FE0915B00870CF6 /* Assets.xcassets */,
			);
			path = Assets;
			sourceTree = "<group>";
		};
		35B61BBF1FE0916500870CF6 /* Storyboards */ = {
			isa = PBXGroup;
			children = (
				35B61BC01FE0916500870CF6 /* Main.storyboard */,
			);
			path = Storyboards;
			sourceTree = "<group>";
		};
		35B61BC31FE091C800870CF6 /* AppInfo */ = {
			isa = PBXGroup;
			children = (
				3531888E1FF1DB5F00D084CA /* Lynx Config Utility.entitlements */,
				35B61BC41FE091C800870CF6 /* AppDelegate.swift */,
				35B61BC61FE091C800870CF6 /* Info.plist */,
			);
			path = AppInfo;
			sourceTree = "<group>";
		};
		35C3E6C41FE08A4500EE4474 = {
			isa = PBXGroup;
			children = (
				35C3E6CF1FE08A4500EE4474 /* LynxConfigUtility */,
				35C3E6CE1FE08A4500EE4474 /* Products */,
			);
			sourceTree = "<group>";
		};
		35C3E6CE1FE08A4500EE4474 /* Products */ = {
			isa = PBXGroup;
			children = (
				35C3E6CD1FE08A4500EE4474 /* Lynx Config Utility.app */,
			);
			name = Products;
			sourceTree = "<group>";
		};
		35C3E6CF1FE08A4500EE4474 /* LynxConfigUtility */ = {
			isa = PBXGroup;
			children = (
				35B61BC31FE091C800870CF6 /* AppInfo */,
				35B61BBC1FE0915B00870CF6 /* Assets */,
				35FCA6141FE18AD600AFA24A /* DMXDeck */,
				35B2E48F1FF1989B0055C23C /* Frameworks */,
				35B61BBF1FE0916500870CF6 /* Storyboards */,
				35B2E4931FF19FF90055C23C /* USBSerial */,
			);
			path = LynxConfigUtility;
			sourceTree = "<group>";
		};
		35FCA6141FE18AD600AFA24A /* DMXDeck */ = {
			isa = PBXGroup;
			children = (
				35FCA6151FE18B0300AFA24A /* DMXDeckViewController.swift */,
			);
			path = DMXDeck;
			sourceTree = "<group>";
		};
/* End PBXGroup section */

/* Begin PBXNativeTarget section */
		35C3E6CC1FE08A4500EE4474 /* LynxConfigUtility */ = {
			isa = PBXNativeTarget;
			buildConfigurationList = 35C3E6F31FE08A4600EE4474 /* Build configuration list for PBXNativeTarget "LynxConfigUtility" */;
			buildPhases = (
				35C3E6C91FE08A4500EE4474 /* Sources */,
				35C3E6CA1FE08A4500EE4474 /* Frameworks */,
				35C3E6CB1FE08A4500EE4474 /* Resources */,
				35B2E4921FF19C1F0055C23C /* Copy Carthage Files */,
			);
			buildRules = (
			);
			dependencies = (
			);
			name = LynxConfigUtility;
			productName = LynxConfigUtility;
			productReference = 35C3E6CD1FE08A4500EE4474 /* Lynx Config Utility.app */;
			productType = "com.apple.product-type.application";
		};
/* End PBXNativeTarget section */

/* Begin PBXProject section */
		35C3E6C51FE08A4500EE4474 /* Project object */ = {
			isa = PBXProject;
			attributes = {
				LastSwiftUpdateCheck = 0920;
				LastUpgradeCheck = 0920;
				ORGANIZATIONNAME = "Binary Platypus Software";
				TargetAttributes = {
					35C3E6CC1FE08A4500EE4474 = {
						CreatedOnToolsVersion = 9.2;
						ProvisioningStyle = Automatic;
					};
				};
			};
			buildConfigurationList = 35C3E6C81FE08A4500EE4474 /* Build configuration list for PBXProject "LynxConfigUtility" */;
			compatibilityVersion = "Xcode 8.0";
			developmentRegion = en;
			hasScannedForEncodings = 0;
			knownRegions = (
				en,
				Base,
			);
			mainGroup = 35C3E6C41FE08A4500EE4474;
			productRefGroup = 35C3E6CE1FE08A4500EE4474 /* Products */;
			projectDirPath = "";
			projectRoot = "";
			targets = (
				35C3E6CC1FE08A4500EE4474 /* LynxConfigUtility */,
			);
		};
/* End PBXProject section */

/* Begin PBXResourcesBuildPhase section */
		35C3E6CB1FE08A4500EE4474 /* Resources */ = {
			isa = PBXResourcesBuildPhase;
			buildActionMask = 2147483647;
			files = (
				35B61BBE1FE0915B00870CF6 /* Assets.xcassets in Resources */,
				35B61BC11FE0916600870CF6 /* Main.storyboard in Resources */,
			);
			runOnlyForDeploymentPostprocessing = 0;
		};
/* End PBXResourcesBuildPhase section */

/* Begin PBXShellScriptBuildPhase section */
		35B2E4921FF19C1F0055C23C /* Copy Carthage Files */ = {
			isa = PBXShellScriptBuildPhase;
			buildActionMask = 2147483647;
			files = (
			);
			inputPaths = (
				"$(SRCROOT)/Carthage/Build/Mac/ORSSerial.framework",
			);
			name = "Copy Carthage Files";
			outputPaths = (
			);
			runOnlyForDeploymentPostprocessing = 0;
			shellPath = /bin/sh;
			shellScript = "/usr/local/bin/carthage copy-frameworks";
		};
/* End PBXShellScriptBuildPhase section */

/* Begin PBXSourcesBuildPhase section */
		35C3E6C91FE08A4500EE4474 /* Sources */ = {
			isa = PBXSourcesBuildPhase;
			buildActionMask = 2147483647;
			files = (
				35B2E4991FF1A0640055C23C /* USBSerialDevices.swift in Sources */,
				35FCA6161FE18B0300AFA24A /* DMXDeckViewController.swift in Sources */,
				35B61BC71FE091C800870CF6 /* AppDelegate.swift in Sources */,
			);
			runOnlyForDeploymentPostprocessing = 0;
		};
/* End PBXSourcesBuildPhase section */

/* Begin XCBuildConfiguration section */
		35C3E6F11FE08A4600EE4474 /* Debug */ = {
			isa = XCBuildConfiguration;
			buildSettings = {
				ALWAYS_SEARCH_USER_PATHS = NO;
				CLANG_ANALYZER_NONNULL = YES;
				CLANG_ANALYZER_NUMBER_OBJECT_CONVERSION = YES_AGGRESSIVE;
				CLANG_CXX_LANGUAGE_STANDARD = "gnu++14";
				CLANG_CXX_LIBRARY = "libc++";
				CLANG_ENABLE_MODULES = YES;
				CLANG_ENABLE_OBJC_ARC = YES;
				CLANG_WARN_BLOCK_CAPTURE_AUTORELEASING = YES;
				CLANG_WARN_BOOL_CONVERSION = YES;
				CLANG_WARN_COMMA = YES;
				CLANG_WARN_CONSTANT_CONVERSION = YES;
				CLANG_WARN_DIRECT_OBJC_ISA_USAGE = YES_ERROR;
				CLANG_WARN_DOCUMENTATION_COMMENTS = YES;
				CLANG_WARN_EMPTY_BODY = YES;
				CLANG_WARN_ENUM_CONVERSION = YES;
				CLANG_WARN_INFINITE_RECURSION = YES;
				CLANG_WARN_INT_CONVERSION = YES;
				CLANG_WARN_NON_LITERAL_NULL_CONVERSION = YES;
				CLANG_WARN_OBJC_LITERAL_CONVERSION = YES;
				CLANG_WARN_OBJC_ROOT_CLASS = YES_ERROR;
				CLANG_WARN_RANGE_LOOP_ANALYSIS = YES;
				CLANG_WARN_STRICT_PROTOTYPES = YES;
				CLANG_WARN_SUSPICIOUS_MOVE = YES;
				CLANG_WARN_UNGUARDED_AVAILABILITY = YES_AGGRESSIVE;
				CLANG_WARN_UNREACHABLE_CODE = YES;
				CLANG_WARN__DUPLICATE_METHOD_MATCH = YES;
				CODE_SIGN_IDENTITY = "-";
				COPY_PHASE_STRIP = NO;
				DEBUG_INFORMATION_FORMAT = dwarf;
				ENABLE_STRICT_OBJC_MSGSEND = YES;
				ENABLE_TESTABILITY = YES;
				GCC_C_LANGUAGE_STANDARD = gnu11;
				GCC_DYNAMIC_NO_PIC = NO;
				GCC_NO_COMMON_BLOCKS = YES;
				GCC_OPTIMIZATION_LEVEL = 0;
				GCC_PREPROCESSOR_DEFINITIONS = (
					"DEBUG=1",
					"$(inherited)",
				);
				GCC_WARN_64_TO_32_BIT_CONVERSION = YES;
				GCC_WARN_ABOUT_RETURN_TYPE = YES_ERROR;
				GCC_WARN_UNDECLARED_SELECTOR = YES;
				GCC_WARN_UNINITIALIZED_AUTOS = YES_AGGRESSIVE;
				GCC_WARN_UNUSED_FUNCTION = YES;
				GCC_WARN_UNUSED_VARIABLE = YES;
				MACOSX_DEPLOYMENT_TARGET = 10.13;
				MTL_ENABLE_DEBUG_INFO = YES;
				ONLY_ACTIVE_ARCH = YES;
				SDKROOT = macosx;
				SWIFT_ACTIVE_COMPILATION_CONDITIONS = DEBUG;
				SWIFT_OPTIMIZATION_LEVEL = "-Onone";
			};
			name = Debug;
		};
		35C3E6F21FE08A4600EE4474 /* Release */ = {
			isa = XCBuildConfiguration;
			buildSettings = {
				ALWAYS_SEARCH_USER_PATHS = NO;
				CLANG_ANALYZER_NONNULL = YES;
				CLANG_ANALYZER_NUMBER_OBJECT_CONVERSION = YES_AGGRESSIVE;
				CLANG_CXX_LANGUAGE_STANDARD = "gnu++14";
				CLANG_CXX_LIBRARY = "libc++";
				CLANG_ENABLE_MODULES = YES;
				CLANG_ENABLE_OBJC_ARC = YES;
				CLANG_WARN_BLOCK_CAPTURE_AUTORELEASING = YES;
				CLANG_WARN_BOOL_CONVERSION = YES;
				CLANG_WARN_COMMA = YES;
				CLANG_WARN_CONSTANT_CONVERSION = YES;
				CLANG_WARN_DIRECT_OBJC_ISA_USAGE = YES_ERROR;
				CLANG_WARN_DOCUMENTATION_COMMENTS = YES;
				CLANG_WARN_EMPTY_BODY = YES;
				CLANG_WARN_ENUM_CONVERSION = YES;
				CLANG_WARN_INFINITE_RECURSION = YES;
				CLANG_WARN_INT_CONVERSION = YES;
				CLANG_WARN_NON_LITERAL_NULL_CONVERSION = YES;
				CLANG_WARN_OBJC_LITERAL_CONVERSION = YES;
				CLANG_WARN_OBJC_ROOT_CLASS = YES_ERROR;
				CLANG_WARN_RANGE_LOOP_ANALYSIS = YES;
				CLANG_WARN_STRICT_PROTOTYPES = YES;
				CLANG_WARN_SUSPICIOUS_MOVE = YES;
				CLANG_WARN_UNGUARDED_AVAILABILITY = YES_AGGRESSIVE;
				CLANG_WARN_UNREACHABLE_CODE = YES;
				CLANG_WARN__DUPLICATE_METHOD_MATCH = YES;
				CODE_SIGN_IDENTITY = "-";
				COPY_PHASE_STRIP = NO;
				DEBUG_INFORMATION_FORMAT = "dwarf-with-dsym";
				ENABLE_NS_ASSERTIONS = NO;
				ENABLE_STRICT_OBJC_MSGSEND = YES;
				GCC_C_LANGUAGE_STANDARD = gnu11;
				GCC_NO_COMMON_BLOCKS = YES;
				GCC_WARN_64_TO_32_BIT_CONVERSION = YES;
				GCC_WARN_ABOUT_RETURN_TYPE = YES_ERROR;
				GCC_WARN_UNDECLARED_SELECTOR = YES;
				GCC_WARN_UNINITIALIZED_AUTOS = YES_AGGRESSIVE;
				GCC_WARN_UNUSED_FUNCTION = YES;
				GCC_WARN_UNUSED_VARIABLE = YES;
				MACOSX_DEPLOYMENT_TARGET = 10.13;
				MTL_ENABLE_DEBUG_INFO = NO;
				SDKROOT = macosx;
				SWIFT_OPTIMIZATION_LEVEL = "-Owholemodule";
			};
			name = Release;
		};
		35C3E6F41FE08A4600EE4474 /* Debug */ = {
			isa = XCBuildConfiguration;
			buildSettings = {
				ASSETCATALOG_COMPILER_APPICON_NAME = AppIcon;
				CODE_SIGN_ENTITLEMENTS = "LynxConfigUtility/AppInfo/Lynx Config Utility.entitlements";
				CODE_SIGN_STYLE = Automatic;
				COMBINE_HIDPI_IMAGES = YES;
				FRAMEWORK_SEARCH_PATHS = (
					"$(inherited)",
					"$(PROJECT_DIR)/Carthage/Build/Mac",
				);
				INFOPLIST_FILE = "$(SRCROOT)/LynxConfigUtility/AppInfo/Info.plist";
				LD_RUNPATH_SEARCH_PATHS = "$(inherited) @executable_path/../Frameworks";
				PRODUCT_BUNDLE_IDENTIFIER = com.binaryplatypussoftware.LynxConfigUtility;
				PRODUCT_NAME = "Lynx Config Utility";
				SWIFT_VERSION = 4.0;
			};
			name = Debug;
		};
		35C3E6F51FE08A4600EE4474 /* Release */ = {
			isa = XCBuildConfiguration;
			buildSettings = {
				ASSETCATALOG_COMPILER_APPICON_NAME = AppIcon;
				CODE_SIGN_ENTITLEMENTS = "LynxConfigUtility/AppInfo/Lynx Config Utility.entitlements";
				CODE_SIGN_STYLE = Automatic;
				COMBINE_HIDPI_IMAGES = YES;
				FRAMEWORK_SEARCH_PATHS = (
					"$(inherited)",
					"$(PROJECT_DIR)/Carthage/Build/Mac",
				);
				INFOPLIST_FILE = "$(SRCROOT)/LynxConfigUtility/AppInfo/Info.plist";
				LD_RUNPATH_SEARCH_PATHS = "$(inherited) @executable_path/../Frameworks";
				PRODUCT_BUNDLE_IDENTIFIER = com.binaryplatypussoftware.LynxConfigUtility;
				PRODUCT_NAME = "Lynx Config Utility";
				SWIFT_VERSION = 4.0;
			};
			name = Release;
		};
/* End XCBuildConfiguration section */

/* Begin XCConfigurationList section */
		35C3E6C81FE08A4500EE4474 /* Build configuration list for PBXProject "LynxConfigUtility" */ = {
			isa = XCConfigurationList;
			buildConfigurations = (
				35C3E6F11FE08A4600EE4474 /* Debug */,
				35C3E6F21FE08A4600EE4474 /* Release */,
			);
			defaultConfigurationIsVisible = 0;
			defaultConfigurationName = Release;
		};
		35C3E6F31FE08A4600EE4474 /* Build configuration list for PBXNativeTarget "LynxConfigUtility" */ = {
			isa = XCConfigurationList;
			buildConfigurations = (
				35C3E6F41FE08A4600EE4474 /* Debug */,
				35C3E6F51FE08A4600EE4474 /* Release */,
			);
			defaultConfigurationIsVisible = 0;
			defaultConfigurationName = Release;
		};
/* End XCConfigurationList section */
	};
	rootObject = 35C3E6C51FE08A4500EE4474 /* Project object */;
}
